
Microsoft Visual Studio Solution File, Format Version 12.00
Project("{FAE04EC0-301F-11D3-BF4B-00C04F79EFBC}") = "ImSky", "ImSky\ImSky.csproj", "{1FFD9780-0A01-4405-B8D3-AA5C9318066D}"
EndProject
Global
	GlobalSection(SolutionConfigurationPlatforms) = preSolution
		Debug|Any CPU = Debug|Any CPU
		Release|Any CPU = Release|Any CPU
	EndGlobalSection
	GlobalSection(ProjectConfigurationPlatforms) = postSolution
		{1FFD9780-0A01-4405-B8D3-AA5C9318066D}.Debug|Any CPU.ActiveCfg = Debug|Any CPU
		{1FFD9780-0A01-4405-B8D3-AA5C9318066D}.Debug|Any CPU.Build.0 = Debug|Any CPU
		{1FFD9780-0A01-4405-B8D3-AA5C9318066D}.Release|Any CPU.ActiveCfg = Release|Any CPU
		{1FFD9780-0A01-4405-B8D3-AA5C9318066D}.Release|Any CPU.Build.0 = Release|Any CPU
	EndGlobalSection
EndGlobal
